
Microsoft Visual Studio Solution File, Format Version 12.00
# Visual Studio Version 17
VisualStudioVersion = 17.1.32407.343
MinimumVisualStudioVersion = 10.0.40219.1
Project("{FAE04EC0-301F-11D3-BF4B-00C04F79EFBC}") = "ReactECommerceStore.Api", "ReactECommerceStore.Api\ReactECommerceStore.Api.csproj", "{669DBCFF-80F3-4572-B219-BEB382EB401C}"
EndProject
Global
	GlobalSection(SolutionConfigurationPlatforms) = preSolution
		Debug|Any CPU = Debug|Any CPU
		Release|Any CPU = Release|Any CPU
	EndGlobalSection
	GlobalSection(ProjectConfigurationPlatforms) = postSolution
		{669DBCFF-80F3-4572-B219-BEB382EB401C}.Debug|Any CPU.ActiveCfg = Debug|Any CPU
		{669DBCFF-80F3-4572-B219-BEB382EB401C}.Debug|Any CPU.Build.0 = Debug|Any CPU
		{669DBCFF-80F3-4572-B219-BEB382EB401C}.Release|Any CPU.ActiveCfg = Release|Any CPU
		{669DBCFF-80F3-4572-B219-BEB382EB401C}.Release|Any CPU.Build.0 = Release|Any CPU
	EndGlobalSection
	GlobalSection(SolutionProperties) = preSolution
		HideSolutionNode = FALSE
	EndGlobalSection
	GlobalSection(ExtensibilityGlobals) = postSolution
		SolutionGuid = {1A5E9E09-2391-4706-B986-BCBAA0BE6EB4}
	EndGlobalSection
EndGlobal
